
Microsoft Visual Studio Solution File, Format Version 12.00
Project("{FAE04EC0-301F-11D3-BF4B-00C04F79EFBC}") = "McpServer.Domain", "McpServer.Domain\McpServer.Domain.csproj", "{97877EB9-E473-4847-8A0B-B5726A8E88AE}"
EndProject
Project("{FAE04EC0-301F-11D3-BF4B-00C04F79EFBC}") = "McpServer.Infrastructure", "McpServer.Infrastructure\McpServer.Infrastructure.csproj", "{4F07C647-F5AB-41CE-BFF5-423078BA497B}"
EndProject
Project("{FAE04EC0-301F-11D3-BF4B-00C04F79EFBC}") = "McpServer.Application", "McpServer.Application\McpServer.Application.csproj", "{4BAFA963-E7D0-45A0-826C-E703D87503FE}"
EndProject
Project("{2150E333-8FDC-42A3-9474-1A3956D46DE8}") = "Common", "Common", "{8E887382-0978-40D5-8F49-7D062E7BEF48}"
EndProject
Project("{FAE04EC0-301F-11D3-BF4B-00C04F79EFBC}") = "McpServer.Function", "McpServer.Function\McpServer.Function.csproj", "{FE2FA002-BE9B-4139-B89D-12C5516CB47A}"
EndProject
Project("{FAE04EC0-301F-11D3-BF4B-00C04F79EFBC}") = "McpServer.WebService", "McpServer.WebService\McpServer.WebService.csproj", "{88C560D3-10F5-4388-BDCD-7248C36AD1BC}"
EndProject
Global
	GlobalSection(SolutionConfigurationPlatforms) = preSolution
		Debug|Any CPU = Debug|Any CPU
		Debug|x64 = Debug|x64
		Debug|x86 = Debug|x86
		Release|Any CPU = Release|Any CPU
		Release|x64 = Release|x64
		Release|x86 = Release|x86
	EndGlobalSection
	GlobalSection(ProjectConfigurationPlatforms) = postSolution
		{97877EB9-E473-4847-8A0B-B5726A8E88AE}.Debug|Any CPU.ActiveCfg = Debug|Any CPU
		{97877EB9-E473-4847-8A0B-B5726A8E88AE}.Debug|Any CPU.Build.0 = Debug|Any CPU
		{97877EB9-E473-4847-8A0B-B5726A8E88AE}.Debug|x64.ActiveCfg = Debug|Any CPU
		{97877EB9-E473-4847-8A0B-B5726A8E88AE}.Debug|x64.Build.0 = Debug|Any CPU
		{97877EB9-E473-4847-8A0B-B5726A8E88AE}.Debug|x86.ActiveCfg = Debug|Any CPU
		{97877EB9-E473-4847-8A0B-B5726A8E88AE}.Debug|x86.Build.0 = Debug|Any CPU
		{97877EB9-E473-4847-8A0B-B5726A8E88AE}.Release|Any CPU.ActiveCfg = Release|Any CPU
		{97877EB9-E473-4847-8A0B-B5726A8E88AE}.Release|Any CPU.Build.0 = Release|Any CPU
		{97877EB9-E473-4847-8A0B-B5726A8E88AE}.Release|x64.ActiveCfg = Release|Any CPU
		{97877EB9-E473-4847-8A0B-B5726A8E88AE}.Release|x64.Build.0 = Release|Any CPU
		{97877EB9-E473-4847-8A0B-B5726A8E88AE}.Release|x86.ActiveCfg = Release|Any CPU
		{97877EB9-E473-4847-8A0B-B5726A8E88AE}.Release|x86.Build.0 = Release|Any CPU
		{4F07C647-F5AB-41CE-BFF5-423078BA497B}.Debug|Any CPU.ActiveCfg = Debug|Any CPU
		{4F07C647-F5AB-41CE-BFF5-423078BA497B}.Debug|Any CPU.Build.0 = Debug|Any CPU
		{4F07C647-F5AB-41CE-BFF5-423078BA497B}.Debug|x64.ActiveCfg = Debug|Any CPU
		{4F07C647-F5AB-41CE-BFF5-423078BA497B}.Debug|x64.Build.0 = Debug|Any CPU
		{4F07C647-F5AB-41CE-BFF5-423078BA497B}.Debug|x86.ActiveCfg = Debug|Any CPU
		{4F07C647-F5AB-41CE-BFF5-423078BA497B}.Debug|x86.Build.0 = Debug|Any CPU
		{4F07C647-F5AB-41CE-BFF5-423078BA497B}.Release|Any CPU.ActiveCfg = Release|Any CPU
		{4F07C647-F5AB-41CE-BFF5-423078BA497B}.Release|Any CPU.Build.0 = Release|Any CPU
		{4F07C647-F5AB-41CE-BFF5-423078BA497B}.Release|x64.ActiveCfg = Release|Any CPU
		{4F07C647-F5AB-41CE-BFF5-423078BA497B}.Release|x64.Build.0 = Release|Any CPU
		{4F07C647-F5AB-41CE-BFF5-423078BA497B}.Release|x86.ActiveCfg = Release|Any CPU
		{4F07C647-F5AB-41CE-BFF5-423078BA497B}.Release|x86.Build.0 = Release|Any CPU
		{4BAFA963-E7D0-45A0-826C-E703D87503FE}.Debug|Any CPU.ActiveCfg = Debug|Any CPU
		{4BAFA963-E7D0-45A0-826C-E703D87503FE}.Debug|Any CPU.Build.0 = Debug|Any CPU
		{4BAFA963-E7D0-45A0-826C-E703D87503FE}.Debug|x64.ActiveCfg = Debug|Any CPU
		{4BAFA963-E7D0-45A0-826C-E703D87503FE}.Debug|x64.Build.0 = Debug|Any CPU
		{4BAFA963-E7D0-45A0-826C-E703D87503FE}.Debug|x86.ActiveCfg = Debug|Any CPU
		{4BAFA963-E7D0-45A0-826C-E703D87503FE}.Debug|x86.Build.0 = Debug|Any CPU
		{4BAFA963-E7D0-45A0-826C-E703D87503FE}.Release|Any CPU.ActiveCfg = Release|Any CPU
		{4BAFA963-E7D0-45A0-826C-E703D87503FE}.Release|Any CPU.Build.0 = Release|Any CPU
		{4BAFA963-E7D0-45A0-826C-E703D87503FE}.Release|x64.ActiveCfg = Release|Any CPU
		{4BAFA963-E7D0-45A0-826C-E703D87503FE}.Release|x64.Build.0 = Release|Any CPU
		{4BAFA963-E7D0-45A0-826C-E703D87503FE}.Release|x86.ActiveCfg = Release|Any CPU
		{4BAFA963-E7D0-45A0-826C-E703D87503FE}.Release|x86.Build.0 = Release|Any CPU
		{FE2FA002-BE9B-4139-B89D-12C5516CB47A}.Debug|Any CPU.ActiveCfg = Debug|Any CPU
		{FE2FA002-BE9B-4139-B89D-12C5516CB47A}.Debug|Any CPU.Build.0 = Debug|Any CPU
		{FE2FA002-BE9B-4139-B89D-12C5516CB47A}.Debug|x64.ActiveCfg = Debug|Any CPU
		{FE2FA002-BE9B-4139-B89D-12C5516CB47A}.Debug|x64.Build.0 = Debug|Any CPU
		{FE2FA002-BE9B-4139-B89D-12C5516CB47A}.Debug|x86.ActiveCfg = Debug|Any CPU
		{FE2FA002-BE9B-4139-B89D-12C5516CB47A}.Debug|x86.Build.0 = Debug|Any CPU
		{FE2FA002-BE9B-4139-B89D-12C5516CB47A}.Release|Any CPU.ActiveCfg = Release|Any CPU
		{FE2FA002-BE9B-4139-B89D-12C5516CB47A}.Release|Any CPU.Build.0 = Release|Any CPU
		{FE2FA002-BE9B-4139-B89D-12C5516CB47A}.Release|x64.ActiveCfg = Release|Any CPU
		{FE2FA002-BE9B-4139-B89D-12C5516CB47A}.Release|x64.Build.0 = Release|Any CPU
		{FE2FA002-BE9B-4139-B89D-12C5516CB47A}.Release|x86.ActiveCfg = Release|Any CPU
		{FE2FA002-BE9B-4139-B89D-12C5516CB47A}.Release|x86.Build.0 = Release|Any CPU
		{88C560D3-10F5-4388-BDCD-7248C36AD1BC}.Debug|Any CPU.ActiveCfg = Debug|Any CPU
		{88C560D3-10F5-4388-BDCD-7248C36AD1BC}.Debug|Any CPU.Build.0 = Debug|Any CPU
		{88C560D3-10F5-4388-BDCD-7248C36AD1BC}.Debug|x64.ActiveCfg = Debug|Any CPU
		{88C560D3-10F5-4388-BDCD-7248C36AD1BC}.Debug|x64.Build.0 = Debug|Any CPU
		{88C560D3-10F5-4388-BDCD-7248C36AD1BC}.Debug|x86.ActiveCfg = Debug|Any CPU
		{88C560D3-10F5-4388-BDCD-7248C36AD1BC}.Debug|x86.Build.0 = Debug|Any CPU
		{88C560D3-10F5-4388-BDCD-7248C36AD1BC}.Release|Any CPU.ActiveCfg = Release|Any CPU
		{88C560D3-10F5-4388-BDCD-7248C36AD1BC}.Release|Any CPU.Build.0 = Release|Any CPU
		{88C560D3-10F5-4388-BDCD-7248C36AD1BC}.Release|x64.ActiveCfg = Release|Any CPU
		{88C560D3-10F5-4388-BDCD-7248C36AD1BC}.Release|x64.Build.0 = Release|Any CPU
		{88C560D3-10F5-4388-BDCD-7248C36AD1BC}.Release|x86.ActiveCfg = Release|Any CPU
		{88C560D3-10F5-4388-BDCD-7248C36AD1BC}.Release|x86.Build.0 = Release|Any CPU
	EndGlobalSection
	GlobalSection(SolutionProperties) = preSolution
		HideSolutionNode = FALSE
	EndGlobalSection
	GlobalSection(NestedProjects) = preSolution
		{97877EB9-E473-4847-8A0B-B5726A8E88AE} = {8E887382-0978-40D5-8F49-7D062E7BEF48}
		{4F07C647-F5AB-41CE-BFF5-423078BA497B} = {8E887382-0978-40D5-8F49-7D062E7BEF48}
		{4BAFA963-E7D0-45A0-826C-E703D87503FE} = {8E887382-0978-40D5-8F49-7D062E7BEF48}
	EndGlobalSection
EndGlobal
